
Microsoft Visual Studio Solution File, Format Version 12.00
# Visual Studio 15
VisualStudioVersion = 15.0.28307.1022
MinimumVisualStudioVersion = 10.0.40219.1
Project("{FAE04EC0-301F-11D3-BF4B-00C04F79EFBC}") = "Matrox_MultiImageBuffer_Example", "Matrox_MultiImageBuffer_Example\Matrox_MultiImageBuffer_Example.csproj", "{25A81A0F-89A8-4B11-99F8-E2FD521FE18C}"
EndProject
Global
	GlobalSection(SolutionConfigurationPlatforms) = preSolution
		Debug|Any CPU = Debug|Any CPU
		Debug|x64 = Debug|x64
		Release|Any CPU = Release|Any CPU
		Release|x64 = Release|x64
	EndGlobalSection
	GlobalSection(ProjectConfigurationPlatforms) = postSolution
		{25A81A0F-89A8-4B11-99F8-E2FD521FE18C}.Debug|Any CPU.ActiveCfg = Debug|Any CPU
		{25A81A0F-89A8-4B11-99F8-E2FD521FE18C}.Debug|Any CPU.Build.0 = Debug|Any CPU
		{25A81A0F-89A8-4B11-99F8-E2FD521FE18C}.Debug|x64.ActiveCfg = Debug|x64
		{25A81A0F-89A8-4B11-99F8-E2FD521FE18C}.Debug|x64.Build.0 = Debug|x64
		{25A81A0F-89A8-4B11-99F8-E2FD521FE18C}.Release|Any CPU.ActiveCfg = Release|Any CPU
		{25A81A0F-89A8-4B11-99F8-E2FD521FE18C}.Release|Any CPU.Build.0 = Release|Any CPU
		{25A81A0F-89A8-4B11-99F8-E2FD521FE18C}.Release|x64.ActiveCfg = Release|x64
		{25A81A0F-89A8-4B11-99F8-E2FD521FE18C}.Release|x64.Build.0 = Release|x64
	EndGlobalSection
	GlobalSection(SolutionProperties) = preSolution
		HideSolutionNode = FALSE
	EndGlobalSection
	GlobalSection(ExtensibilityGlobals) = postSolution
		SolutionGuid = {38DC0748-D8F4-48A9-8585-662CD6A1CB93}
	EndGlobalSection
EndGlobal
